{
  "name": "skillselect-dashboard",
  "version": "1.0.0",
  "lockfileVersion": 2,
  "requires": true,
  "packages": {
    "": {
      "name": "skillselect-dashboard",
      "version": "1.0.0",
      "license": "ISC",
      "dependencies": {
        "sql.js-httpvfs": "^0.8.12"
      }
    },
    "node_modules/comlink": {
      "version": "4.4.2",
      "resolved": "https://registry.npmjs.org/comlink/-/comlink-4.4.2.tgz",
      "integrity": "sha512-OxGdvBmJuNKSCMO4NTl1L47VRp6xn2wG4F/2hYzB6tiCb709otOxtEYCSvK80PtjODfXXZu8ds+Nw5kVCjqd2g=="
    },
    "node_modules/sql.js-httpvfs": {
      "version": "0.8.12",
      "resolved": "https://registry.npmjs.org/sql.js-httpvfs/-/sql.js-httpvfs-0.8.12.tgz",
      "integrity": "sha512-lcEBc2q0psFRfdCx8Di22oUIkkv5MUIaVO/fGCj/Jjx6YQDKVylQEcjd7NSSbmINHTRwVkm/vWP8uuevT7Rkkw==",
      "dependencies": {
        "comlink": "^4.3.0"
      }
    }
  },
  "dependencies": {
    "comlink": {
      "version": "4.4.2",
      "resolved": "https://registry.npmjs.org/comlink/-/comlink-4.4.2.tgz",
      "integrity": "sha512-OxGdvBmJuNKSCMO4NTl1L47VRp6xn2wG4F/2hYzB6tiCb709otOxtEYCSvK80PtjODfXXZu8ds+Nw5kVCjqd2g=="
    },
    "sql.js-httpvfs": {
      "version": "0.8.12",
      "resolved": "https://registry.npmjs.org/sql.js-httpvfs/-/sql.js-httpvfs-0.8.12.tgz",
      "integrity": "sha512-lcEBc2q0psFRfdCx8Di22oUIkkv5MUIaVO/fGCj/Jjx6YQDKVylQEcjd7NSSbmINHTRwVkm/vWP8uuevT7Rkkw==",
      "requires": {
        "comlink": "^4.3.0"
      }
    }
  }
}
